
Microsoft Visual Studio Solution File, Format Version 12.00
# Visual Studio 15
VisualStudioVersion = 15.0.27428.2043
MinimumVisualStudioVersion = 10.0.40219.1
Project("{FAE04EC0-301F-11D3-BF4B-00C04F79EFBC}") = "trains", "trains.csproj", "{483AB898-708A-4947-9626-CD3722674903}"
EndProject
Project("{FAE04EC0-301F-11D3-BF4B-00C04F79EFBC}") = "trainsTests", "..\trainsTests\trainsTests.csproj", "{A3A9804F-DA02-4F50-ADE9-0AAF0C1750E1}"
EndProject
Global
	GlobalSection(SolutionConfigurationPlatforms) = preSolution
		Debug|Any CPU = Debug|Any CPU
		Release|Any CPU = Release|Any CPU
	EndGlobalSection
	GlobalSection(ProjectConfigurationPlatforms) = postSolution
		{483AB898-708A-4947-9626-CD3722674903}.Debug|Any CPU.ActiveCfg = Debug|Any CPU
		{483AB898-708A-4947-9626-CD3722674903}.Debug|Any CPU.Build.0 = Debug|Any CPU
		{483AB898-708A-4947-9626-CD3722674903}.Release|Any CPU.ActiveCfg = Release|Any CPU
		{483AB898-708A-4947-9626-CD3722674903}.Release|Any CPU.Build.0 = Release|Any CPU
		{A3A9804F-DA02-4F50-ADE9-0AAF0C1750E1}.Debug|Any CPU.ActiveCfg = Debug|Any CPU
		{A3A9804F-DA02-4F50-ADE9-0AAF0C1750E1}.Debug|Any CPU.Build.0 = Debug|Any CPU
		{A3A9804F-DA02-4F50-ADE9-0AAF0C1750E1}.Release|Any CPU.ActiveCfg = Release|Any CPU
		{A3A9804F-DA02-4F50-ADE9-0AAF0C1750E1}.Release|Any CPU.Build.0 = Release|Any CPU
	EndGlobalSection
	GlobalSection(SolutionProperties) = preSolution
		HideSolutionNode = FALSE
	EndGlobalSection
	GlobalSection(ExtensibilityGlobals) = postSolution
		SolutionGuid = {7434280F-6F46-4F4A-A953-8608635A5603}
	EndGlobalSection
EndGlobal
